
Microsoft Visual Studio Solution File, Format Version 12.00
# Visual Studio Version 16
VisualStudioVersion = 16.0.30204.135
MinimumVisualStudioVersion = 10.0.40219.1
Project("{FAE04EC0-301F-11D3-BF4B-00C04F79EFBC}") = "CustomerManager", "CustomerManager\CustomerManager.csproj", "{4C0AFDFA-F330-40CF-B37E-FE625A0EAFBA}"
EndProject
Global
	GlobalSection(SolutionConfigurationPlatforms) = preSolution
		Debug|Any CPU = Debug|Any CPU
		Release|Any CPU = Release|Any CPU
	EndGlobalSection
	GlobalSection(ProjectConfigurationPlatforms) = postSolution
		{4C0AFDFA-F330-40CF-B37E-FE625A0EAFBA}.Debug|Any CPU.ActiveCfg = Debug|Any CPU
		{4C0AFDFA-F330-40CF-B37E-FE625A0EAFBA}.Debug|Any CPU.Build.0 = Debug|Any CPU
		{4C0AFDFA-F330-40CF-B37E-FE625A0EAFBA}.Release|Any CPU.ActiveCfg = Release|Any CPU
		{4C0AFDFA-F330-40CF-B37E-FE625A0EAFBA}.Release|Any CPU.Build.0 = Release|Any CPU
	EndGlobalSection
	GlobalSection(SolutionProperties) = preSolution
		HideSolutionNode = FALSE
	EndGlobalSection
	GlobalSection(ExtensibilityGlobals) = postSolution
		SolutionGuid = {564B10DE-4C27-42DD-BF1B-633E2B502AE0}
	EndGlobalSection
EndGlobal
